
Microsoft Visual Studio Solution File, Format Version 12.00
# Visual Studio Version 17
VisualStudioVersion = 17.10.34928.147
MinimumVisualStudioVersion = 10.0.40219.1
Project("{9A19103F-16F7-4668-BE54-9A1E7A4F7556}") = "MoreKatana", "MoreKatana.csproj", "{43E5B08E-C6A7-4127-9440-5448E1CC474C}"
EndProject
Global
	GlobalSection(SolutionConfigurationPlatforms) = preSolution
		Debug|Any CPU = Debug|Any CPU
		Release|Any CPU = Release|Any CPU
	EndGlobalSection
	GlobalSection(ProjectConfigurationPlatforms) = postSolution
		{43E5B08E-C6A7-4127-9440-5448E1CC474C}.Debug|Any CPU.ActiveCfg = Debug|Any CPU
		{43E5B08E-C6A7-4127-9440-5448E1CC474C}.Debug|Any CPU.Build.0 = Debug|Any CPU
		{43E5B08E-C6A7-4127-9440-5448E1CC474C}.Release|Any CPU.ActiveCfg = Release|Any CPU
		{43E5B08E-C6A7-4127-9440-5448E1CC474C}.Release|Any CPU.Build.0 = Release|Any CPU
	EndGlobalSection
	GlobalSection(SolutionProperties) = preSolution
		HideSolutionNode = FALSE
	EndGlobalSection
	GlobalSection(ExtensibilityGlobals) = postSolution
		SolutionGuid = {E1D0D2D8-CE9E-4292-8990-DCCA93254B67}
	EndGlobalSection
EndGlobal
